
Microsoft Visual Studio Solution File, Format Version 12.00
# Visual Studio 2013
VisualStudioVersion = 12.0.40629.0
MinimumVisualStudioVersion = 10.0.40219.1
Project("{FAE04EC0-301F-11D3-BF4B-00C04F79EFBC}") = "4_basic_user_input", "4_basic_user_input\4_basic_user_input.csproj", "{B0EE2838-6BD0-4CD8-83D2-F7F68A08EABC}"
EndProject
Global
	GlobalSection(SolutionConfigurationPlatforms) = preSolution
		Debug|Any CPU = Debug|Any CPU
		Release|Any CPU = Release|Any CPU
	EndGlobalSection
	GlobalSection(ProjectConfigurationPlatforms) = postSolution
		{B0EE2838-6BD0-4CD8-83D2-F7F68A08EABC}.Debug|Any CPU.ActiveCfg = Debug|Any CPU
		{B0EE2838-6BD0-4CD8-83D2-F7F68A08EABC}.Debug|Any CPU.Build.0 = Debug|Any CPU
		{B0EE2838-6BD0-4CD8-83D2-F7F68A08EABC}.Release|Any CPU.ActiveCfg = Release|Any CPU
		{B0EE2838-6BD0-4CD8-83D2-F7F68A08EABC}.Release|Any CPU.Build.0 = Release|Any CPU
	EndGlobalSection
	GlobalSection(SolutionProperties) = preSolution
		HideSolutionNode = FALSE
	EndGlobalSection
EndGlobal
